
Microsoft Visual Studio Solution File, Format Version 12.00
# Visual Studio Version 17
VisualStudioVersion = 17.0.31903.59
MinimumVisualStudioVersion = 10.0.40219.1
Project("{FAE04EC0-301F-11D3-BF4B-00C04F79EFBC}") = "TechShop.Entities", "TechShop.Entities\TechShop.Entities.csproj", "{1CEF47E3-31B0-4306-9390-A44A03126A02}"
EndProject
Project("{FAE04EC0-301F-11D3-BF4B-00C04F79EFBC}") = "TechShop", "TechShop\TechShop.csproj", "{DF653F69-52B5-4BC5-8C71-65BE0A33CB27}"
EndProject
Project("{FAE04EC0-301F-11D3-BF4B-00C04F79EFBC}") = "TechShop.Services", "TechShop.Services\TechShop.Services.csproj", "{F099B7DC-C276-42E2-9762-BF4CD4595954}"
EndProject
Project("{FAE04EC0-301F-11D3-BF4B-00C04F79EFBC}") = "TechShop.Helpers", "TechShop.Helpers\TechShop.Helpers.csproj", "{6A773E49-BAEA-467D-9CA8-74D4C54BDA79}"
EndProject
Project("{FAE04EC0-301F-11D3-BF4B-00C04F79EFBC}") = "TechShop.Exceptions", "TechShop.Exceptions\TechShop.Exceptions.csproj", "{F3C146DD-40C6-4790-B884-0ED65650C0E2}"
EndProject
Global
	GlobalSection(SolutionConfigurationPlatforms) = preSolution
		Debug|Any CPU = Debug|Any CPU
		Release|Any CPU = Release|Any CPU
	EndGlobalSection
	GlobalSection(SolutionProperties) = preSolution
		HideSolutionNode = FALSE
	EndGlobalSection
	GlobalSection(ProjectConfigurationPlatforms) = postSolution
		{1CEF47E3-31B0-4306-9390-A44A03126A02}.Debug|Any CPU.ActiveCfg = Debug|Any CPU
		{1CEF47E3-31B0-4306-9390-A44A03126A02}.Debug|Any CPU.Build.0 = Debug|Any CPU
		{1CEF47E3-31B0-4306-9390-A44A03126A02}.Release|Any CPU.ActiveCfg = Release|Any CPU
		{1CEF47E3-31B0-4306-9390-A44A03126A02}.Release|Any CPU.Build.0 = Release|Any CPU
		{DF653F69-52B5-4BC5-8C71-65BE0A33CB27}.Debug|Any CPU.ActiveCfg = Debug|Any CPU
		{DF653F69-52B5-4BC5-8C71-65BE0A33CB27}.Debug|Any CPU.Build.0 = Debug|Any CPU
		{DF653F69-52B5-4BC5-8C71-65BE0A33CB27}.Release|Any CPU.ActiveCfg = Release|Any CPU
		{DF653F69-52B5-4BC5-8C71-65BE0A33CB27}.Release|Any CPU.Build.0 = Release|Any CPU
		{F099B7DC-C276-42E2-9762-BF4CD4595954}.Debug|Any CPU.ActiveCfg = Debug|Any CPU
		{F099B7DC-C276-42E2-9762-BF4CD4595954}.Debug|Any CPU.Build.0 = Debug|Any CPU
		{F099B7DC-C276-42E2-9762-BF4CD4595954}.Release|Any CPU.ActiveCfg = Release|Any CPU
		{F099B7DC-C276-42E2-9762-BF4CD4595954}.Release|Any CPU.Build.0 = Release|Any CPU
		{6A773E49-BAEA-467D-9CA8-74D4C54BDA79}.Debug|Any CPU.ActiveCfg = Debug|Any CPU
		{6A773E49-BAEA-467D-9CA8-74D4C54BDA79}.Debug|Any CPU.Build.0 = Debug|Any CPU
		{6A773E49-BAEA-467D-9CA8-74D4C54BDA79}.Release|Any CPU.ActiveCfg = Release|Any CPU
		{6A773E49-BAEA-467D-9CA8-74D4C54BDA79}.Release|Any CPU.Build.0 = Release|Any CPU
		{F3C146DD-40C6-4790-B884-0ED65650C0E2}.Debug|Any CPU.ActiveCfg = Debug|Any CPU
		{F3C146DD-40C6-4790-B884-0ED65650C0E2}.Debug|Any CPU.Build.0 = Debug|Any CPU
		{F3C146DD-40C6-4790-B884-0ED65650C0E2}.Release|Any CPU.ActiveCfg = Release|Any CPU
		{F3C146DD-40C6-4790-B884-0ED65650C0E2}.Release|Any CPU.Build.0 = Release|Any CPU
	EndGlobalSection
EndGlobal
